
Microsoft Visual Studio Solution File, Format Version 12.00
# Visual Studio 15
VisualStudioVersion = 15.0.28307.1022
MinimumVisualStudioVersion = 10.0.40219.1
Project("{8BC9CEB8-8B4A-11D0-8D11-00A0C91BC942}") = "ReadDxf", "ReadDxf\ReadDxf.vcxproj", "{5CACBD16-2A9A-455E-A849-72749402F682}"
EndProject
Global
	GlobalSection(SolutionConfigurationPlatforms) = preSolution
		Debug|Win32 = Debug|Win32
		Release|Win32 = Release|Win32
	EndGlobalSection
	GlobalSection(ProjectConfigurationPlatforms) = postSolution
		{5CACBD16-2A9A-455E-A849-72749402F682}.Debug|Win32.ActiveCfg = Debug|Win32
		{5CACBD16-2A9A-455E-A849-72749402F682}.Debug|Win32.Build.0 = Debug|Win32
		{5CACBD16-2A9A-455E-A849-72749402F682}.Release|Win32.ActiveCfg = Release|Win32
		{5CACBD16-2A9A-455E-A849-72749402F682}.Release|Win32.Build.0 = Release|Win32
	EndGlobalSection
	GlobalSection(SolutionProperties) = preSolution
		HideSolutionNode = FALSE
	EndGlobalSection
	GlobalSection(ExtensibilityGlobals) = postSolution
		SolutionGuid = {9D37426C-FB7E-4EDA-BD72-D9115F514308}
	EndGlobalSection
EndGlobal
